#MicroXplorer Configuration settings - do not modify
Mcu.Family=STM32G0
Dma.TIM2_CH4.3.Priority=DMA_PRIORITY_HIGH
Dma.TIM2_CH2.1.MemDataAlignment=DMA_MDATAALIGN_WORD
ProjectManager.MainLocation=Src
Dma.TIM2_CH1.0.MemInc=DMA_MINC_ENABLE
Dma.TIM2_CH2.1.Priority=DMA_PRIORITY_HIGH
RCC.PLLQoutputFreq_Value=64000000
RCC.USART1Freq_Value=64000000
ProjectManager.ProjectFileName=stm32g0_dshot.ioc
TIM2.Channel-PWM\ Generation4\ CH4=TIM_CHANNEL_4
Dma.TIM2_CH1.0.SyncRequestNumber=1
SH.S_TIM2_CH1.0=TIM2_CH1,PWM Generation1 CH1
RCC.CortexFreq_Value=64000000
Dma.TIM2_CH2.1.SignalID=NONE
ProjectManager.KeepUserCode=true
Mcu.PinsNb=6
Mcu.UserName=STM32G031F8Px
Dma.TIM2_CH2.1.SyncRequestNumber=1
ProjectManager.NoMain=false
Dma.TIM2_CH2.1.SyncEnable=DISABLE
Dma.TIM2_CH4.3.SyncRequestNumber=1
Dma.TIM2_CH3.2.SyncRequestNumber=1
Dma.TIM2_CH3.2.Instance=DMA1_Channel3
Dma.TIM2_CH3.2.Polarity=HAL_DMAMUX_REQ_GEN_RISING
Dma.TIM2_CH3.2.SyncPolarity=HAL_DMAMUX_SYNC_NO_EVENT
ProjectManager.functionlistsort=1-MX_GPIO_Init-GPIO-false-HAL-true,2-MX_DMA_Init-DMA-false-HAL-true,3-SystemClock_Config-RCC-false-HAL-false,4-MX_TIM2_Init-TIM2-false-HAL-true
RCC.EXTERNAL_CLOCK_VALUE=12288000
ProjectManager.DefaultFWLocation=true
Dma.TIM2_CH1.0.Instance=DMA1_Channel1
Dma.TIM2_CH2.1.EventEnable=DISABLE
NVIC.SVC_IRQn=true\:0\:0\:false\:false\:true\:false\:false
ProjectManager.DeletePrevious=true
TIM2.Channel-PWM\ Generation2\ CH2=TIM_CHANNEL_2
Dma.TIM2_CH4.3.SignalID=NONE
Dma.TIM2_CH4.3.SyncPolarity=HAL_DMAMUX_SYNC_NO_EVENT
PinOutPanel.RotationAngle=0
RCC.FamilyName=M
RCC.MCO1PinFreq_Value=64000000
RCC.SYSCLKSource=RCC_SYSCLKSOURCE_PLLCLK
ProjectManager.StackSize=0x400
Dma.TIM2_CH3.2.PeriphInc=DMA_PINC_DISABLE
RCC.LPTIM1Freq_Value=64000000
Mcu.IP4=TIM2
Dma.TIM2_CH3.2.MemDataAlignment=DMA_MDATAALIGN_WORD
RCC.FCLKCortexFreq_Value=64000000
Mcu.IP2=RCC
Mcu.IP3=SYS
SH.S_TIM2_CH2.0=TIM2_CH2,PWM Generation2 CH2
Mcu.IP0=DMA
Mcu.IP1=NVIC
Mcu.UserConstants=
Dma.TIM2_CH2.1.PeriphDataAlignment=DMA_PDATAALIGN_WORD
ProjectManager.TargetToolchain=MDK-ARM V5.27
Dma.TIM2_CH2.1.Direction=DMA_MEMORY_TO_PERIPH
Mcu.ThirdPartyNb=0
Dma.TIM2_CH1.0.Polarity=HAL_DMAMUX_REQ_GEN_RISING
RCC.HCLKFreq_Value=64000000
Mcu.IPNb=5
TIM2.IPParameters=Channel-PWM Generation2 CH2,Channel-PWM Generation1 CH1,Channel-PWM Generation3 CH3,Channel-PWM Generation4 CH4
ProjectManager.PreviousToolchain=
Dma.TIM2_CH4.3.RequestNumber=1
SH.S_TIM2_CH2.ConfNb=1
RCC.I2S1Freq_Value=64000000
Dma.TIM2_CH4.3.Instance=DMA1_Channel4
VP_TIM2_VS_ClockSourceINT.Signal=TIM2_VS_ClockSourceINT
RCC.LSE_VALUE=32768
Dma.TIM2_CH4.3.EventEnable=DISABLE
PA1.Signal=S_TIM2_CH2
RCC.AHBFreq_Value=64000000
Mcu.Pin0=PA0
Mcu.Pin1=PA1
GPIO.groupedBy=
Mcu.Pin2=PA2
Mcu.Pin3=PA3
Dma.TIM2_CH4.3.SyncEnable=DISABLE
Mcu.Pin4=VP_SYS_VS_Systick
Mcu.Pin5=VP_TIM2_VS_ClockSourceINT
ProjectManager.ProjectBuild=false
RCC.HSE_VALUE=8000000
PA0.Locked=true
Dma.TIM2_CH4.3.PeriphDataAlignment=DMA_PDATAALIGN_WORD
board=custom
RCC.VCOOutputFreq_Value=128000000
Dma.TIM2_CH2.1.SyncSignalID=NONE
NVIC.SysTick_IRQn=true\:0\:0\:false\:false\:true\:false\:true
ProjectManager.LastFirmware=true
ProjectManager.FirmwarePackage=STM32Cube FW_G0 V1.3.0
MxDb.Version=DB.5.0.60
Dma.TIM2_CH4.3.Direction=DMA_MEMORY_TO_PERIPH
NVIC.DMA1_Ch4_5_DMAMUX1_OVR_IRQn=true\:0\:0\:false\:false\:true\:false\:true
Dma.TIM2_CH1.0.SyncEnable=DISABLE
ProjectManager.BackupPrevious=false
Dma.TIM2_CH1.0.Priority=DMA_PRIORITY_HIGH
Dma.TIM2_CH3.2.EventEnable=DISABLE
Dma.TIM2_CH4.3.MemInc=DMA_MINC_ENABLE
MxCube.Version=5.6.1
RCC.VCOInputFreq_Value=16000000
VP_TIM2_VS_ClockSourceINT.Mode=Internal
RCC.I2C1Freq_Value=64000000
SH.S_TIM2_CH3.0=TIM2_CH3,PWM Generation3 CH3
Dma.TIM2_CH1.0.SyncSignalID=NONE
Dma.TIM2_CH1.0.RequestParameters=Instance,Direction,PeriphInc,MemInc,PeriphDataAlignment,MemDataAlignment,Mode,Priority,SignalID,Polarity,RequestNumber,SyncSignalID,SyncPolarity,SyncEnable,EventEnable,SyncRequestNumber
RCC.ADCFreq_Value=64000000
File.Version=6
VP_SYS_VS_Systick.Mode=SysTick
Dma.TIM2_CH1.0.SignalID=NONE
TIM2.Channel-PWM\ Generation3\ CH3=TIM_CHANNEL_3
Dma.TIM2_CH3.2.Priority=DMA_PRIORITY_HIGH
Dma.TIM2_CH2.1.Polarity=HAL_DMAMUX_REQ_GEN_RISING
SH.S_TIM2_CH1.ConfNb=1
NVIC.NonMaskableInt_IRQn=true\:0\:0\:false\:false\:true\:false\:false
RCC.PLLRCLKFreq_Value=64000000
TIM2.Channel-PWM\ Generation1\ CH1=TIM_CHANNEL_1
SH.S_TIM2_CH3.ConfNb=1
NVIC.PendSV_IRQn=true\:0\:0\:false\:false\:true\:false\:false
Dma.TIM2_CH3.2.Direction=DMA_MEMORY_TO_PERIPH
Dma.TIM2_CH3.2.MemInc=DMA_MINC_ENABLE
Dma.TIM2_CH2.1.Instance=DMA1_Channel2
Dma.TIM2_CH3.2.RequestNumber=1
Dma.TIM2_CH3.2.RequestParameters=Instance,Direction,PeriphInc,MemInc,PeriphDataAlignment,MemDataAlignment,Mode,Priority,SignalID,Polarity,RequestNumber,SyncSignalID,SyncPolarity,SyncEnable,EventEnable,SyncRequestNumber
ProjectManager.FreePins=false
RCC.IPParameters=ADCFreq_Value,AHBFreq_Value,APBFreq_Value,APBTimFreq_Value,CortexFreq_Value,EXTERNAL_CLOCK_VALUE,FCLKCortexFreq_Value,FamilyName,HCLKFreq_Value,HSE_VALUE,HSI_VALUE,I2C1Freq_Value,I2S1Freq_Value,LPTIM1Freq_Value,LPTIM2Freq_Value,LPUART1Freq_Value,LSCOPinFreq_Value,LSE_VALUE,LSI_VALUE,MCO1PinFreq_Value,PLLPoutputFreq_Value,PLLQoutputFreq_Value,PLLRCLKFreq_Value,PWRFreq_Value,SYSCLKFreq_VALUE,SYSCLKSource,TIM1Freq_Value,USART1Freq_Value,VCOInputFreq_Value,VCOOutputFreq_Value
ProjectManager.AskForMigrate=true
Mcu.Name=STM32G031F(4-6-8)Px
Dma.RequestsNb=4
Dma.TIM2_CH2.1.PeriphInc=DMA_PINC_DISABLE
Dma.TIM2_CH2.1.RequestParameters=Instance,Direction,PeriphInc,MemInc,PeriphDataAlignment,MemDataAlignment,Mode,Priority,SignalID,Polarity,RequestNumber,SyncSignalID,SyncPolarity,SyncEnable,EventEnable,SyncRequestNumber
Dma.TIM2_CH4.3.Polarity=HAL_DMAMUX_REQ_GEN_RISING
RCC.LPTIM2Freq_Value=64000000
Dma.TIM2_CH1.0.EventEnable=DISABLE
Dma.TIM2_CH4.3.SyncSignalID=NONE
ProjectManager.HalAssertFull=false
Dma.TIM2_CH3.2.SignalID=NONE
Dma.TIM2_CH3.2.SyncSignalID=NONE
PA2.Signal=S_TIM2_CH3
ProjectManager.ProjectName=stm32g0_dshot
ProjectManager.UnderRoot=false
PA0.Signal=S_TIM2_CH1
RCC.TIM1Freq_Value=64000000
Dma.TIM2_CH4.3.MemDataAlignment=DMA_MDATAALIGN_WORD
Dma.TIM2_CH4.3.RequestParameters=Instance,Direction,PeriphInc,MemInc,PeriphDataAlignment,MemDataAlignment,Mode,Priority,SignalID,Polarity,RequestNumber,SyncSignalID,SyncPolarity,SyncEnable,EventEnable,SyncRequestNumber
ProjectManager.CoupleFile=false
RCC.APBTimFreq_Value=64000000
RCC.SYSCLKFreq_VALUE=64000000
Mcu.Package=TSSOP20
Dma.TIM2_CH1.0.Mode=DMA_NORMAL
PA1.Locked=true
PA3.Locked=true
NVIC.ForceEnableDMAVector=true
KeepUserPlacement=false
RCC.APBFreq_Value=64000000
ProjectManager.CompilerOptimize=6
ProjectManager.ToolChainLocation=
RCC.LSI_VALUE=32000
VP_SYS_VS_Systick.Signal=SYS_VS_Systick
Dma.TIM2_CH1.0.MemDataAlignment=DMA_MDATAALIGN_WORD
RCC.LSCOPinFreq_Value=32000
Dma.TIM2_CH1.0.SyncPolarity=HAL_DMAMUX_SYNC_NO_EVENT
ProjectManager.HeapSize=0x200
NVIC.HardFault_IRQn=true\:0\:0\:false\:false\:true\:false\:false
Dma.TIM2_CH2.1.MemInc=DMA_MINC_ENABLE
SH.S_TIM2_CH4.0=TIM2_CH4,PWM Generation4 CH4
Dma.TIM2_CH2.1.Mode=DMA_NORMAL
Dma.TIM2_CH3.2.Mode=DMA_NORMAL
ProjectManager.ComputerToolchain=false
Dma.TIM2_CH1.0.PeriphDataAlignment=DMA_PDATAALIGN_WORD
Dma.TIM2_CH1.0.RequestNumber=1
RCC.HSI_VALUE=16000000
Dma.TIM2_CH2.1.SyncPolarity=HAL_DMAMUX_SYNC_NO_EVENT
RCC.PLLPoutputFreq_Value=64000000
NVIC.DMA1_Channel2_3_IRQn=true\:0\:0\:false\:false\:true\:false\:true
Dma.Request2=TIM2_CH3
Dma.Request1=TIM2_CH2
Dma.Request3=TIM2_CH4
RCC.PWRFreq_Value=64000000
RCC.LPUART1Freq_Value=64000000
NVIC.DMA1_Channel1_IRQn=true\:0\:0\:false\:false\:true\:false\:true
SH.S_TIM2_CH4.ConfNb=1
Dma.TIM2_CH3.2.SyncEnable=DISABLE
Dma.TIM2_CH3.2.PeriphDataAlignment=DMA_PDATAALIGN_WORD
Dma.Request0=TIM2_CH1
Dma.TIM2_CH2.1.RequestNumber=1
Dma.TIM2_CH1.0.Direction=DMA_MEMORY_TO_PERIPH
Dma.TIM2_CH1.0.PeriphInc=DMA_PINC_DISABLE
ProjectManager.CustomerFirmwarePackage=
ProjectManager.DeviceId=STM32G031F8Px
ProjectManager.LibraryCopy=0
PA3.Signal=S_TIM2_CH4
Dma.TIM2_CH4.3.Mode=DMA_NORMAL
Dma.TIM2_CH4.3.PeriphInc=DMA_PINC_DISABLE
PA2.Locked=true
